
Microsoft Visual Studio Solution File, Format Version 12.00
# Visual Studio Version 16
VisualStudioVersion = 16.0.30128.74
MinimumVisualStudioVersion = 10.0.40219.1
Project("{9A19103F-16F7-4668-BE54-9A1E7A4F7556}") = "Perigee.Framework.Base", "Perigee.Framework.Base\Perigee.Framework.Base.csproj", "{26FF77FA-F444-450C-A3FC-89D21A805369}"
EndProject
Project("{9A19103F-16F7-4668-BE54-9A1E7A4F7556}") = "Perigee.Framework.EntityFramework", "Perigee.Framework.EntityFramework\Perigee.Framework.EntityFramework.csproj", "{53A276C2-ED23-470B-9B2F-7440407AB954}"
EndProject
Project("{9A19103F-16F7-4668-BE54-9A1E7A4F7556}") = "Perigee.Framework.Services", "Perigee.Framework.Services\Perigee.Framework.Services.csproj", "{D9AC7144-A7AC-43F2-A0B6-52ABD74AD8A4}"
EndProject
Project("{9A19103F-16F7-4668-BE54-9A1E7A4F7556}") = "Perigee.Framework.Web", "Perigee.Framework.Web\Perigee.Framework.Web.csproj", "{553637FC-4D70-4DDE-80B7-A60F3B7C3853}"
EndProject
Project("{2150E333-8FDC-42A3-9474-1A3956D46DE8}") = "Tests", "Tests", "{E5F0783A-B459-43FB-BFF9-6510863F9985}"
EndProject
Project("{9A19103F-16F7-4668-BE54-9A1E7A4F7556}") = "Perigee.Framework.Base.UnitTests", "Tests\Perigee.Framework.Base.UnitTests\Perigee.Framework.Base.UnitTests.csproj", "{510F231C-29B7-4EF4-BB59-239EF22BE3F7}"
EndProject
Project("{9A19103F-16F7-4668-BE54-9A1E7A4F7556}") = "Perigee.Framework.EntityFramework.UnitTests", "Tests\Perigee.Framework.EntityFramework.UnitTests\Perigee.Framework.EntityFramework.UnitTests.csproj", "{FC2C5754-A533-4B6D-85F4-6EC553A7A6AC}"
EndProject
Project("{9A19103F-16F7-4668-BE54-9A1E7A4F7556}") = "Perigee.Framework.Helpers.Shared.UnitTests", "Tests\Perigee.Framework.Helpers.Shared.UnitTests\Perigee.Framework.Helpers.Shared.UnitTests.csproj", "{3B2632AF-5289-4690-BF46-5A365BB099C3}"
EndProject
Project("{9A19103F-16F7-4668-BE54-9A1E7A4F7556}") = "Perigee.Framework.Services.UnitTests", "Tests\Perigee.Framework.Services.UnitTests\Perigee.Framework.Services.UnitTests.csproj", "{1AC10C5C-93B4-422D-9FD0-419F08573B57}"
EndProject
Project("{9A19103F-16F7-4668-BE54-9A1E7A4F7556}") = "Perigee.Framework.Web.UnitTests", "Tests\Perigee.Framework.Web.UnitTests\Perigee.Framework.Web.UnitTests.csproj", "{7FF61D46-F62E-4C27-815A-B42EAD2C6E7F}"
EndProject
Project("{9A19103F-16F7-4668-BE54-9A1E7A4F7556}") = "Perigee.Framework.AcceptanceTests", "Tests\Perigee.Framework.AcceptanceTests\Perigee.Framework.AcceptanceTests.csproj", "{D8B495B2-0589-40FD-BEAB-997B50F24BE1}"
EndProject
Project("{2150E333-8FDC-42A3-9474-1A3956D46DE8}") = "Solution Items", "Solution Items", "{29D1608A-1563-4BE6-9856-009F4F92DE9E}"
	ProjectSection(SolutionItems) = preProject
		.github\workflows\CI.yml = .github\workflows\CI.yml
		GitVersion.yml = GitVersion.yml
		LICENSE = LICENSE
		README.md = README.md
	EndProjectSection
EndProject
Project("{2150E333-8FDC-42A3-9474-1A3956D46DE8}") = "Example", "Example", "{A7CA0910-C0FC-4E55-81A5-ACF767C5D377}"
EndProject
Project("{9A19103F-16F7-4668-BE54-9A1E7A4F7556}") = "ExampleConsoleApp", "Examples\ExampleConsoleApp\ExampleConsoleApp.csproj", "{F0ABC454-4E20-4737-A87C-E429BDE81260}"
EndProject
Project("{9A19103F-16F7-4668-BE54-9A1E7A4F7556}") = "ExampleRestApi", "Examples\ExampleRestApi\ExampleRestApi.csproj", "{90630615-5F68-43D7-8F83-93E0F83EB36F}"
EndProject
Project("{9A19103F-16F7-4668-BE54-9A1E7A4F7556}") = "Example.Domain", "Examples\Example.Domain\Example.Domain.csproj", "{842E2915-8C24-4488-8F6B-4F7354AE9382}"
EndProject
Project("{9A19103F-16F7-4668-BE54-9A1E7A4F7556}") = "Example.Entities", "Examples\Example.Entities\Example.Entities.csproj", "{C4BD0FB7-DA8A-4F00-BA3C-DCC3F07E16C6}"
EndProject
Project("{9A19103F-16F7-4668-BE54-9A1E7A4F7556}") = "ExampleRestApi.Contract", "Examples\ExampleRestApi.Contract\ExampleRestApi.Contract.csproj", "{6C0DEA94-6832-4AFD-A21A-5302622AE49E}"
EndProject
Project("{9A19103F-16F7-4668-BE54-9A1E7A4F7556}") = "Example.Services", "Examples\Example.Services\Example.Services.csproj", "{C13AE75E-BAFC-4936-8795-9A3FA662DF15}"
EndProject
Global
	GlobalSection(SolutionConfigurationPlatforms) = preSolution
		Debug|Any CPU = Debug|Any CPU
		Release|Any CPU = Release|Any CPU
	EndGlobalSection
	GlobalSection(ProjectConfigurationPlatforms) = postSolution
		{26FF77FA-F444-450C-A3FC-89D21A805369}.Debug|Any CPU.ActiveCfg = Debug|Any CPU
		{26FF77FA-F444-450C-A3FC-89D21A805369}.Debug|Any CPU.Build.0 = Debug|Any CPU
		{26FF77FA-F444-450C-A3FC-89D21A805369}.Release|Any CPU.ActiveCfg = Release|Any CPU
		{26FF77FA-F444-450C-A3FC-89D21A805369}.Release|Any CPU.Build.0 = Release|Any CPU
		{53A276C2-ED23-470B-9B2F-7440407AB954}.Debug|Any CPU.ActiveCfg = Debug|Any CPU
		{53A276C2-ED23-470B-9B2F-7440407AB954}.Debug|Any CPU.Build.0 = Debug|Any CPU
		{53A276C2-ED23-470B-9B2F-7440407AB954}.Release|Any CPU.ActiveCfg = Release|Any CPU
		{53A276C2-ED23-470B-9B2F-7440407AB954}.Release|Any CPU.Build.0 = Release|Any CPU
		{D9AC7144-A7AC-43F2-A0B6-52ABD74AD8A4}.Debug|Any CPU.ActiveCfg = Debug|Any CPU
		{D9AC7144-A7AC-43F2-A0B6-52ABD74AD8A4}.Debug|Any CPU.Build.0 = Debug|Any CPU
		{D9AC7144-A7AC-43F2-A0B6-52ABD74AD8A4}.Release|Any CPU.ActiveCfg = Release|Any CPU
		{D9AC7144-A7AC-43F2-A0B6-52ABD74AD8A4}.Release|Any CPU.Build.0 = Release|Any CPU
		{553637FC-4D70-4DDE-80B7-A60F3B7C3853}.Debug|Any CPU.ActiveCfg = Debug|Any CPU
		{553637FC-4D70-4DDE-80B7-A60F3B7C3853}.Debug|Any CPU.Build.0 = Debug|Any CPU
		{553637FC-4D70-4DDE-80B7-A60F3B7C3853}.Release|Any CPU.ActiveCfg = Release|Any CPU
		{553637FC-4D70-4DDE-80B7-A60F3B7C3853}.Release|Any CPU.Build.0 = Release|Any CPU
		{510F231C-29B7-4EF4-BB59-239EF22BE3F7}.Debug|Any CPU.ActiveCfg = Debug|Any CPU
		{510F231C-29B7-4EF4-BB59-239EF22BE3F7}.Debug|Any CPU.Build.0 = Debug|Any CPU
		{510F231C-29B7-4EF4-BB59-239EF22BE3F7}.Release|Any CPU.ActiveCfg = Release|Any CPU
		{510F231C-29B7-4EF4-BB59-239EF22BE3F7}.Release|Any CPU.Build.0 = Release|Any CPU
		{FC2C5754-A533-4B6D-85F4-6EC553A7A6AC}.Debug|Any CPU.ActiveCfg = Debug|Any CPU
		{FC2C5754-A533-4B6D-85F4-6EC553A7A6AC}.Debug|Any CPU.Build.0 = Debug|Any CPU
		{FC2C5754-A533-4B6D-85F4-6EC553A7A6AC}.Release|Any CPU.ActiveCfg = Release|Any CPU
		{FC2C5754-A533-4B6D-85F4-6EC553A7A6AC}.Release|Any CPU.Build.0 = Release|Any CPU
		{3B2632AF-5289-4690-BF46-5A365BB099C3}.Debug|Any CPU.ActiveCfg = Debug|Any CPU
		{3B2632AF-5289-4690-BF46-5A365BB099C3}.Debug|Any CPU.Build.0 = Debug|Any CPU
		{3B2632AF-5289-4690-BF46-5A365BB099C3}.Release|Any CPU.ActiveCfg = Release|Any CPU
		{3B2632AF-5289-4690-BF46-5A365BB099C3}.Release|Any CPU.Build.0 = Release|Any CPU
		{1AC10C5C-93B4-422D-9FD0-419F08573B57}.Debug|Any CPU.ActiveCfg = Debug|Any CPU
		{1AC10C5C-93B4-422D-9FD0-419F08573B57}.Debug|Any CPU.Build.0 = Debug|Any CPU
		{1AC10C5C-93B4-422D-9FD0-419F08573B57}.Release|Any CPU.ActiveCfg = Release|Any CPU
		{1AC10C5C-93B4-422D-9FD0-419F08573B57}.Release|Any CPU.Build.0 = Release|Any CPU
		{7FF61D46-F62E-4C27-815A-B42EAD2C6E7F}.Debug|Any CPU.ActiveCfg = Debug|Any CPU
		{7FF61D46-F62E-4C27-815A-B42EAD2C6E7F}.Debug|Any CPU.Build.0 = Debug|Any CPU
		{7FF61D46-F62E-4C27-815A-B42EAD2C6E7F}.Release|Any CPU.ActiveCfg = Release|Any CPU
		{7FF61D46-F62E-4C27-815A-B42EAD2C6E7F}.Release|Any CPU.Build.0 = Release|Any CPU
		{D8B495B2-0589-40FD-BEAB-997B50F24BE1}.Debug|Any CPU.ActiveCfg = Debug|Any CPU
		{D8B495B2-0589-40FD-BEAB-997B50F24BE1}.Debug|Any CPU.Build.0 = Debug|Any CPU
		{D8B495B2-0589-40FD-BEAB-997B50F24BE1}.Release|Any CPU.ActiveCfg = Release|Any CPU
		{D8B495B2-0589-40FD-BEAB-997B50F24BE1}.Release|Any CPU.Build.0 = Release|Any CPU
		{F0ABC454-4E20-4737-A87C-E429BDE81260}.Debug|Any CPU.ActiveCfg = Debug|Any CPU
		{F0ABC454-4E20-4737-A87C-E429BDE81260}.Debug|Any CPU.Build.0 = Debug|Any CPU
		{F0ABC454-4E20-4737-A87C-E429BDE81260}.Release|Any CPU.ActiveCfg = Release|Any CPU
		{F0ABC454-4E20-4737-A87C-E429BDE81260}.Release|Any CPU.Build.0 = Release|Any CPU
		{90630615-5F68-43D7-8F83-93E0F83EB36F}.Debug|Any CPU.ActiveCfg = Debug|Any CPU
		{90630615-5F68-43D7-8F83-93E0F83EB36F}.Debug|Any CPU.Build.0 = Debug|Any CPU
		{90630615-5F68-43D7-8F83-93E0F83EB36F}.Release|Any CPU.ActiveCfg = Release|Any CPU
		{90630615-5F68-43D7-8F83-93E0F83EB36F}.Release|Any CPU.Build.0 = Release|Any CPU
		{842E2915-8C24-4488-8F6B-4F7354AE9382}.Debug|Any CPU.ActiveCfg = Debug|Any CPU
		{842E2915-8C24-4488-8F6B-4F7354AE9382}.Debug|Any CPU.Build.0 = Debug|Any CPU
		{842E2915-8C24-4488-8F6B-4F7354AE9382}.Release|Any CPU.ActiveCfg = Release|Any CPU
		{842E2915-8C24-4488-8F6B-4F7354AE9382}.Release|Any CPU.Build.0 = Release|Any CPU
		{C4BD0FB7-DA8A-4F00-BA3C-DCC3F07E16C6}.Debug|Any CPU.ActiveCfg = Debug|Any CPU
		{C4BD0FB7-DA8A-4F00-BA3C-DCC3F07E16C6}.Debug|Any CPU.Build.0 = Debug|Any CPU
		{C4BD0FB7-DA8A-4F00-BA3C-DCC3F07E16C6}.Release|Any CPU.ActiveCfg = Release|Any CPU
		{C4BD0FB7-DA8A-4F00-BA3C-DCC3F07E16C6}.Release|Any CPU.Build.0 = Release|Any CPU
		{6C0DEA94-6832-4AFD-A21A-5302622AE49E}.Debug|Any CPU.ActiveCfg = Debug|Any CPU
		{6C0DEA94-6832-4AFD-A21A-5302622AE49E}.Debug|Any CPU.Build.0 = Debug|Any CPU
		{6C0DEA94-6832-4AFD-A21A-5302622AE49E}.Release|Any CPU.ActiveCfg = Release|Any CPU
		{6C0DEA94-6832-4AFD-A21A-5302622AE49E}.Release|Any CPU.Build.0 = Release|Any CPU
		{C13AE75E-BAFC-4936-8795-9A3FA662DF15}.Debug|Any CPU.ActiveCfg = Debug|Any CPU
		{C13AE75E-BAFC-4936-8795-9A3FA662DF15}.Debug|Any CPU.Build.0 = Debug|Any CPU
		{C13AE75E-BAFC-4936-8795-9A3FA662DF15}.Release|Any CPU.ActiveCfg = Release|Any CPU
		{C13AE75E-BAFC-4936-8795-9A3FA662DF15}.Release|Any CPU.Build.0 = Release|Any CPU
	EndGlobalSection
	GlobalSection(SolutionProperties) = preSolution
		HideSolutionNode = FALSE
	EndGlobalSection
	GlobalSection(NestedProjects) = preSolution
		{510F231C-29B7-4EF4-BB59-239EF22BE3F7} = {E5F0783A-B459-43FB-BFF9-6510863F9985}
		{FC2C5754-A533-4B6D-85F4-6EC553A7A6AC} = {E5F0783A-B459-43FB-BFF9-6510863F9985}
		{3B2632AF-5289-4690-BF46-5A365BB099C3} = {E5F0783A-B459-43FB-BFF9-6510863F9985}
		{1AC10C5C-93B4-422D-9FD0-419F08573B57} = {E5F0783A-B459-43FB-BFF9-6510863F9985}
		{7FF61D46-F62E-4C27-815A-B42EAD2C6E7F} = {E5F0783A-B459-43FB-BFF9-6510863F9985}
		{D8B495B2-0589-40FD-BEAB-997B50F24BE1} = {E5F0783A-B459-43FB-BFF9-6510863F9985}
		{F0ABC454-4E20-4737-A87C-E429BDE81260} = {A7CA0910-C0FC-4E55-81A5-ACF767C5D377}
		{90630615-5F68-43D7-8F83-93E0F83EB36F} = {A7CA0910-C0FC-4E55-81A5-ACF767C5D377}
		{842E2915-8C24-4488-8F6B-4F7354AE9382} = {A7CA0910-C0FC-4E55-81A5-ACF767C5D377}
		{C4BD0FB7-DA8A-4F00-BA3C-DCC3F07E16C6} = {A7CA0910-C0FC-4E55-81A5-ACF767C5D377}
		{6C0DEA94-6832-4AFD-A21A-5302622AE49E} = {A7CA0910-C0FC-4E55-81A5-ACF767C5D377}
		{C13AE75E-BAFC-4936-8795-9A3FA662DF15} = {A7CA0910-C0FC-4E55-81A5-ACF767C5D377}
	EndGlobalSection
	GlobalSection(ExtensibilityGlobals) = postSolution
		SolutionGuid = {4FAEFEAE-1A04-400A-8F61-374F6942D9F8}
	EndGlobalSection
EndGlobal
